
Microsoft Visual Studio Solution File, Format Version 12.00
# Visual Studio Version 17
VisualStudioVersion = 17.11.35327.3
MinimumVisualStudioVersion = 10.0.40219.1
Project("{FAE04EC0-301F-11D3-BF4B-00C04F79EFBC}") = "Lab09", "Lab09\Lab09.csproj", "{1D8A1944-9017-47B1-98DC-AB99DF4F77DA}"
EndProject
Global
	GlobalSection(SolutionConfigurationPlatforms) = preSolution
		Debug|Any CPU = Debug|Any CPU
		Release|Any CPU = Release|Any CPU
	EndGlobalSection
	GlobalSection(ProjectConfigurationPlatforms) = postSolution
		{1D8A1944-9017-47B1-98DC-AB99DF4F77DA}.Debug|Any CPU.ActiveCfg = Debug|Any CPU
		{1D8A1944-9017-47B1-98DC-AB99DF4F77DA}.Debug|Any CPU.Build.0 = Debug|Any CPU
		{1D8A1944-9017-47B1-98DC-AB99DF4F77DA}.Release|Any CPU.ActiveCfg = Release|Any CPU
		{1D8A1944-9017-47B1-98DC-AB99DF4F77DA}.Release|Any CPU.Build.0 = Release|Any CPU
	EndGlobalSection
	GlobalSection(SolutionProperties) = preSolution
		HideSolutionNode = FALSE
	EndGlobalSection
	GlobalSection(ExtensibilityGlobals) = postSolution
		SolutionGuid = {35396760-6FFF-4CC2-AF11-9625D3B1C322}
	EndGlobalSection
EndGlobal
